
Microsoft Visual Studio Solution File, Format Version 12.00
# Visual Studio Version 17
VisualStudioVersion = 17.13.35825.156
MinimumVisualStudioVersion = 10.0.40219.1
Project("{FAE04EC0-301F-11D3-BF4B-00C04F79EFBC}") = "TodoApp.WebApp", "TodoApp.WebApp\TodoApp.WebApp.csproj", "{812E4052-3121-4DB3-A617-41D3B2A377BE}"
EndProject
Project("{FAE04EC0-301F-11D3-BF4B-00C04F79EFBC}") = "TodoApp.Api", "TodoApp.Api\TodoApp.Api.csproj", "{8EC72751-A1FD-B5A5-25B7-DF7492F37F58}"
EndProject
Project("{FAE04EC0-301F-11D3-BF4B-00C04F79EFBC}") = "TodoApp.Models", "TodoApp.Models\TodoApp.Models.csproj", "{7E5CEB19-9F55-4E61-AE90-6CB110AF4BBA}"
EndProject
Global
	GlobalSection(SolutionConfigurationPlatforms) = preSolution
		Debug|Any CPU = Debug|Any CPU
		Release|Any CPU = Release|Any CPU
	EndGlobalSection
	GlobalSection(ProjectConfigurationPlatforms) = postSolution
		{812E4052-3121-4DB3-A617-41D3B2A377BE}.Debug|Any CPU.ActiveCfg = Debug|Any CPU
		{812E4052-3121-4DB3-A617-41D3B2A377BE}.Debug|Any CPU.Build.0 = Debug|Any CPU
		{812E4052-3121-4DB3-A617-41D3B2A377BE}.Release|Any CPU.ActiveCfg = Release|Any CPU
		{812E4052-3121-4DB3-A617-41D3B2A377BE}.Release|Any CPU.Build.0 = Release|Any CPU
		{8EC72751-A1FD-B5A5-25B7-DF7492F37F58}.Debug|Any CPU.ActiveCfg = Debug|Any CPU
		{8EC72751-A1FD-B5A5-25B7-DF7492F37F58}.Debug|Any CPU.Build.0 = Debug|Any CPU
		{8EC72751-A1FD-B5A5-25B7-DF7492F37F58}.Release|Any CPU.ActiveCfg = Release|Any CPU
		{8EC72751-A1FD-B5A5-25B7-DF7492F37F58}.Release|Any CPU.Build.0 = Release|Any CPU
		{7E5CEB19-9F55-4E61-AE90-6CB110AF4BBA}.Debug|Any CPU.ActiveCfg = Debug|Any CPU
		{7E5CEB19-9F55-4E61-AE90-6CB110AF4BBA}.Debug|Any CPU.Build.0 = Debug|Any CPU
		{7E5CEB19-9F55-4E61-AE90-6CB110AF4BBA}.Release|Any CPU.ActiveCfg = Release|Any CPU
		{7E5CEB19-9F55-4E61-AE90-6CB110AF4BBA}.Release|Any CPU.Build.0 = Release|Any CPU
	EndGlobalSection
	GlobalSection(SolutionProperties) = preSolution
		HideSolutionNode = FALSE
	EndGlobalSection
	GlobalSection(ExtensibilityGlobals) = postSolution
		SolutionGuid = {19616705-DC4D-4EFD-9894-10DF6B8BB7BB}
	EndGlobalSection
EndGlobal
